
Microsoft Visual Studio Solution File, Format Version 12.00
# Visual Studio Version 17
VisualStudioVersion = 17.10.35013.160
MinimumVisualStudioVersion = 10.0.40219.1
Project("{FAE04EC0-301F-11D3-BF4B-00C04F79EFBC}") = "NumberGuessingGame", "NumberGuessingGame.csproj", "{A9AE2166-04B3-4E98-81B0-4C168F60D0E1}"
EndProject
Global
	GlobalSection(SolutionConfigurationPlatforms) = preSolution
		Debug|Any CPU = Debug|Any CPU
		Release|Any CPU = Release|Any CPU
	EndGlobalSection
	GlobalSection(ProjectConfigurationPlatforms) = postSolution
		{A9AE2166-04B3-4E98-81B0-4C168F60D0E1}.Debug|Any CPU.ActiveCfg = Debug|Any CPU
		{A9AE2166-04B3-4E98-81B0-4C168F60D0E1}.Debug|Any CPU.Build.0 = Debug|Any CPU
		{A9AE2166-04B3-4E98-81B0-4C168F60D0E1}.Release|Any CPU.ActiveCfg = Release|Any CPU
		{A9AE2166-04B3-4E98-81B0-4C168F60D0E1}.Release|Any CPU.Build.0 = Release|Any CPU
	EndGlobalSection
	GlobalSection(SolutionProperties) = preSolution
		HideSolutionNode = FALSE
	EndGlobalSection
	GlobalSection(ExtensibilityGlobals) = postSolution
		SolutionGuid = {071B119E-444E-486A-A233-61553D6E07B0}
	EndGlobalSection
EndGlobal
